// !$*UTF8*$!
{
	archiveVersion = 1;
	classes = {
	};
	objectVersion = 56;
	objects = {

/* Begin PBXBuildFile section */
		6E4375152BE77EF2008ED19B /* AppDelegate.swift in Sources */ = {isa = PBXBuildFile; fileRef = 6E4375142BE77EF2008ED19B /* AppDelegate.swift */; };
		6E43751C2BE77EF2008ED19B /* Main.storyboard in Resources */ = {isa = PBXBuildFile; fileRef = 6E43751A2BE77EF2008ED19B /* Main.storyboard */; };
		6E43751E2BE77EF4008ED19B /* Assets.xcassets in Resources */ = {isa = PBXBuildFile; fileRef = 6E43751D2BE77EF4008ED19B /* Assets.xcassets */; };
		6E4375212BE77EF4008ED19B /* LaunchScreen.storyboard in Resources */ = {isa = PBXBuildFile; fileRef = 6E43751F2BE77EF4008ED19B /* LaunchScreen.storyboard */; };
		6E43752A2BE7A7D6008ED19B /* APIService.swift in Sources */ = {isa = PBXBuildFile; fileRef = 6E4375292BE7A7D6008ED19B /* APIService.swift */; };
		6E43752D2BE7A826008ED19B /* PostModel.swift in Sources */ = {isa = PBXBuildFile; fileRef = 6E43752C2BE7A826008ED19B /* PostModel.swift */; };
		6E4375302BE7A885008ED19B /* DisplayImagesViewController.swift in Sources */ = {isa = PBXBuildFile; fileRef = 6E43752F2BE7A885008ED19B /* DisplayImagesViewController.swift */; };
		6E4375332BE7A8C1008ED19B /* DisplayImagesViewModel.swift in Sources */ = {isa = PBXBuildFile; fileRef = 6E4375322BE7A8C1008ED19B /* DisplayImagesViewModel.swift */; };
		6E43753A2BE7AD9E008ED19B /* ImagesCollectionViewCell.swift in Sources */ = {isa = PBXBuildFile; fileRef = 6E4375382BE7AD9E008ED19B /* ImagesCollectionViewCell.swift */; };
		6E43753B2BE7AD9E008ED19B /* ImagesCollectionViewCell.xib in Resources */ = {isa = PBXBuildFile; fileRef = 6E4375392BE7AD9E008ED19B /* ImagesCollectionViewCell.xib */; };
		6EB90C3A2BE89A9200E7FBD1 /* ImageCache.swift in Sources */ = {isa = PBXBuildFile; fileRef = 6EB90C392BE89A9200E7FBD1 /* ImageCache.swift */; };
		6EB90C3C2BE89D9900E7FBD1 /* ImageDownloader.swift in Sources */ = {isa = PBXBuildFile; fileRef = 6EB90C3B2BE89D9900E7FBD1 /* ImageDownloader.swift */; };
		6EB90C422BE89EC300E7FBD1 /* Constants.swift in Sources */ = {isa = PBXBuildFile; fileRef = 6EB90C412BE89EC300E7FBD1 /* Constants.swift */; };
		6EB90C442BE89EDF00E7FBD1 /* Utility.swift in Sources */ = {isa = PBXBuildFile; fileRef = 6EB90C432BE89EDF00E7FBD1 /* Utility.swift */; };
		6EB90C462BE8F52700E7FBD1 /* FileManagerUtility.swift in Sources */ = {isa = PBXBuildFile; fileRef = 6EB90C452BE8F52700E7FBD1 /* FileManagerUtility.swift */; };
/* End PBXBuildFile section */

/* Begin PBXFileReference section */
		6E4375112BE77EF2008ED19B /* iOSAssignmentDisplayImagesArpit.app */ = {isa = PBXFileReference; explicitFileType = wrapper.application; includeInIndex = 0; path = iOSAssignmentDisplayImagesArpit.app; sourceTree = BUILT_PRODUCTS_DIR; };
		6E4375142BE77EF2008ED19B /* AppDelegate.swift */ = {isa = PBXFileReference; lastKnownFileType = sourcecode.swift; path = AppDelegate.swift; sourceTree = "<group>"; };
		6E43751B2BE77EF2008ED19B /* Base */ = {isa = PBXFileReference; lastKnownFileType = file.storyboard; name = Base; path = Base.lproj/Main.storyboard; sourceTree = "<group>"; };
		6E43751D2BE77EF4008ED19B /* Assets.xcassets */ = {isa = PBXFileReference; lastKnownFileType = folder.assetcatalog; path = Assets.xcassets; sourceTree = "<group>"; };
		6E4375202BE77EF4008ED19B /* Base */ = {isa = PBXFileReference; lastKnownFileType = file.storyboard; name = Base; path = Base.lproj/LaunchScreen.storyboard; sourceTree = "<group>"; };
		6E4375222BE77EF4008ED19B /* Info.plist */ = {isa = PBXFileReference; lastKnownFileType = text.plist.xml; path = Info.plist; sourceTree = "<group>"; };
		6E4375292BE7A7D6008ED19B /* APIService.swift */ = {isa = PBXFileReference; fileEncoding = 4; lastKnownFileType = sourcecode.swift; path = APIService.swift; sourceTree = "<group>"; };
		6E43752C2BE7A826008ED19B /* PostModel.swift */ = {isa = PBXFileReference; fileEncoding = 4; lastKnownFileType = sourcecode.swift; path = PostModel.swift; sourceTree = "<group>"; };
		6E43752F2BE7A885008ED19B /* DisplayImagesViewController.swift */ = {isa = PBXFileReference; fileEncoding = 4; lastKnownFileType = sourcecode.swift; path = DisplayImagesViewController.swift; sourceTree = "<group>"; };
		6E4375322BE7A8C1008ED19B /* DisplayImagesViewModel.swift */ = {isa = PBXFileReference; fileEncoding = 4; lastKnownFileType = sourcecode.swift; path = DisplayImagesViewModel.swift; sourceTree = "<group>"; };
		6E4375382BE7AD9E008ED19B /* ImagesCollectionViewCell.swift */ = {isa = PBXFileReference; lastKnownFileType = sourcecode.swift; path = ImagesCollectionViewCell.swift; sourceTree = "<group>"; };
		6E4375392BE7AD9E008ED19B /* ImagesCollectionViewCell.xib */ = {isa = PBXFileReference; lastKnownFileType = file.xib; path = ImagesCollectionViewCell.xib; sourceTree = "<group>"; };
		6EB90C392BE89A9200E7FBD1 /* ImageCache.swift */ = {isa = PBXFileReference; lastKnownFileType = sourcecode.swift; path = ImageCache.swift; sourceTree = "<group>"; };
		6EB90C3B2BE89D9900E7FBD1 /* ImageDownloader.swift */ = {isa = PBXFileReference; lastKnownFileType = sourcecode.swift; path = ImageDownloader.swift; sourceTree = "<group>"; };
		6EB90C412BE89EC300E7FBD1 /* Constants.swift */ = {isa = PBXFileReference; fileEncoding = 4; lastKnownFileType = sourcecode.swift; path = Constants.swift; sourceTree = "<group>"; };
		6EB90C432BE89EDF00E7FBD1 /* Utility.swift */ = {isa = PBXFileReference; lastKnownFileType = sourcecode.swift; path = Utility.swift; sourceTree = "<group>"; };
		6EB90C452BE8F52700E7FBD1 /* FileManagerUtility.swift */ = {isa = PBXFileReference; lastKnownFileType = sourcecode.swift; path = FileManagerUtility.swift; sourceTree = "<group>"; };
/* End PBXFileReference section */

/* Begin PBXFrameworksBuildPhase section */
		6E43750E2BE77EF2008ED19B /* Frameworks */ = {
			isa = PBXFrameworksBuildPhase;
			buildActionMask = 2147483647;
			files = (
			);
			runOnlyForDeploymentPostprocessing = 0;
		};
/* End PBXFrameworksBuildPhase section */

/* Begin PBXGroup section */
		6E4375082BE77EF2008ED19B = {
			isa = PBXGroup;
			children = (
				6E4375132BE77EF2008ED19B /* iOSAssignmentDisplayImagesArpit */,
				6E4375122BE77EF2008ED19B /* Products */,
			);
			sourceTree = "<group>";
		};
		6E4375122BE77EF2008ED19B /* Products */ = {
			isa = PBXGroup;
			children = (
				6E4375112BE77EF2008ED19B /* iOSAssignmentDisplayImagesArpit.app */,
			);
			name = Products;
			sourceTree = "<group>";
		};
		6E4375132BE77EF2008ED19B /* iOSAssignmentDisplayImagesArpit */ = {
			isa = PBXGroup;
			children = (
				6E4375142BE77EF2008ED19B /* AppDelegate.swift */,
				6EB90C382BE89A7100E7FBD1 /* ImageCache */,
				6E43752E2BE7A885008ED19B /* ViewControllers */,
				6E4375282BE7A7A9008ED19B /* WebService */,
				6EB90C402BE89EC300E7FBD1 /* Utility */,
				6E43751A2BE77EF2008ED19B /* Main.storyboard */,
				6E43751D2BE77EF4008ED19B /* Assets.xcassets */,
				6E43751F2BE77EF4008ED19B /* LaunchScreen.storyboard */,
				6E4375222BE77EF4008ED19B /* Info.plist */,
			);
			path = iOSAssignmentDisplayImagesArpit;
			sourceTree = "<group>";
		};
		6E4375282BE7A7A9008ED19B /* WebService */ = {
			isa = PBXGroup;
			children = (
				6E4375292BE7A7D6008ED19B /* APIService.swift */,
				6E43752B2BE7A826008ED19B /* Models */,
			);
			path = WebService;
			sourceTree = "<group>";
		};
		6E43752B2BE7A826008ED19B /* Models */ = {
			isa = PBXGroup;
			children = (
				6E43752C2BE7A826008ED19B /* PostModel.swift */,
			);
			path = Models;
			sourceTree = "<group>";
		};
		6E43752E2BE7A885008ED19B /* ViewControllers */ = {
			isa = PBXGroup;
			children = (
				6E43752F2BE7A885008ED19B /* DisplayImagesViewController.swift */,
				6E4375312BE7A8C1008ED19B /* ViewModel */,
				6E4375372BE7AC5C008ED19B /* CollectionViewCell */,
			);
			path = ViewControllers;
			sourceTree = "<group>";
		};
		6E4375312BE7A8C1008ED19B /* ViewModel */ = {
			isa = PBXGroup;
			children = (
				6E4375322BE7A8C1008ED19B /* DisplayImagesViewModel.swift */,
			);
			path = ViewModel;
			sourceTree = "<group>";
		};
		6E4375372BE7AC5C008ED19B /* CollectionViewCell */ = {
			isa = PBXGroup;
			children = (
				6E4375382BE7AD9E008ED19B /* ImagesCollectionViewCell.swift */,
				6E4375392BE7AD9E008ED19B /* ImagesCollectionViewCell.xib */,
			);
			path = CollectionViewCell;
			sourceTree = "<group>";
		};
		6EB90C382BE89A7100E7FBD1 /* ImageCache */ = {
			isa = PBXGroup;
			children = (
				6EB90C392BE89A9200E7FBD1 /* ImageCache.swift */,
				6EB90C3B2BE89D9900E7FBD1 /* ImageDownloader.swift */,
				6EB90C452BE8F52700E7FBD1 /* FileManagerUtility.swift */,
			);
			path = ImageCache;
			sourceTree = "<group>";
		};
		6EB90C402BE89EC300E7FBD1 /* Utility */ = {
			isa = PBXGroup;
			children = (
				6EB90C432BE89EDF00E7FBD1 /* Utility.swift */,
				6EB90C412BE89EC300E7FBD1 /* Constants.swift */,
			);
			path = Utility;
			sourceTree = "<group>";
		};
/* End PBXGroup section */

/* Begin PBXNativeTarget section */
		6E4375102BE77EF2008ED19B /* iOSAssignmentDisplayImagesArpit */ = {
			isa = PBXNativeTarget;
			buildConfigurationList = 6E4375252BE77EF4008ED19B /* Build configuration list for PBXNativeTarget "iOSAssignmentDisplayImagesArpit" */;
			buildPhases = (
				6E43750D2BE77EF2008ED19B /* Sources */,
				6E43750E2BE77EF2008ED19B /* Frameworks */,
				6E43750F2BE77EF2008ED19B /* Resources */,
			);
			buildRules = (
			);
			dependencies = (
			);
			name = iOSAssignmentDisplayImagesArpit;
			productName = iOSAssignmentDisplayImagesArpit;
			productReference = 6E4375112BE77EF2008ED19B /* iOSAssignmentDisplayImagesArpit.app */;
			productType = "com.apple.product-type.application";
		};
/* End PBXNativeTarget section */

/* Begin PBXProject section */
		6E4375092BE77EF2008ED19B /* Project object */ = {
			isa = PBXProject;
			attributes = {
				BuildIndependentTargetsInParallel = 1;
				LastSwiftUpdateCheck = 1420;
				LastUpgradeCheck = 1420;
				TargetAttributes = {
					6E4375102BE77EF2008ED19B = {
						CreatedOnToolsVersion = 14.2;
					};
				};
			};
			buildConfigurationList = 6E43750C2BE77EF2008ED19B /* Build configuration list for PBXProject "iOSAssignmentDisplayImagesArpit" */;
			compatibilityVersion = "Xcode 14.0";
			developmentRegion = en;
			hasScannedForEncodings = 0;
			knownRegions = (
				en,
				Base,
			);
			mainGroup = 6E4375082BE77EF2008ED19B;
			productRefGroup = 6E4375122BE77EF2008ED19B /* Products */;
			projectDirPath = "";
			projectRoot = "";
			targets = (
				6E4375102BE77EF2008ED19B /* iOSAssignmentDisplayImagesArpit */,
			);
		};
/* End PBXProject section */

/* Begin PBXResourcesBuildPhase section */
		6E43750F2BE77EF2008ED19B /* Resources */ = {
			isa = PBXResourcesBuildPhase;
			buildActionMask = 2147483647;
			files = (
				6E4375212BE77EF4008ED19B /* LaunchScreen.storyboard in Resources */,
				6E43751E2BE77EF4008ED19B /* Assets.xcassets in Resources */,
				6E43753B2BE7AD9E008ED19B /* ImagesCollectionViewCell.xib in Resources */,
				6E43751C2BE77EF2008ED19B /* Main.storyboard in Resources */,
			);
			runOnlyForDeploymentPostprocessing = 0;
		};
/* End PBXResourcesBuildPhase section */

/* Begin PBXSourcesBuildPhase section */
		6E43750D2BE77EF2008ED19B /* Sources */ = {
			isa = PBXSourcesBuildPhase;
			buildActionMask = 2147483647;
			files = (
				6EB90C442BE89EDF00E7FBD1 /* Utility.swift in Sources */,
				6E43752D2BE7A826008ED19B /* PostModel.swift in Sources */,
				6EB90C462BE8F52700E7FBD1 /* FileManagerUtility.swift in Sources */,
				6E4375332BE7A8C1008ED19B /* DisplayImagesViewModel.swift in Sources */,
				6EB90C3A2BE89A9200E7FBD1 /* ImageCache.swift in Sources */,
				6E43752A2BE7A7D6008ED19B /* APIService.swift in Sources */,
				6E4375302BE7A885008ED19B /* DisplayImagesViewController.swift in Sources */,
				6E4375152BE77EF2008ED19B /* AppDelegate.swift in Sources */,
				6E43753A2BE7AD9E008ED19B /* ImagesCollectionViewCell.swift in Sources */,
				6EB90C3C2BE89D9900E7FBD1 /* ImageDownloader.swift in Sources */,
				6EB90C422BE89EC300E7FBD1 /* Constants.swift in Sources */,
			);
			runOnlyForDeploymentPostprocessing = 0;
		};
/* End PBXSourcesBuildPhase section */

/* Begin PBXVariantGroup section */
		6E43751A2BE77EF2008ED19B /* Main.storyboard */ = {
			isa = PBXVariantGroup;
			children = (
				6E43751B2BE77EF2008ED19B /* Base */,
			);
			name = Main.storyboard;
			sourceTree = "<group>";
		};
		6E43751F2BE77EF4008ED19B /* LaunchScreen.storyboard */ = {
			isa = PBXVariantGroup;
			children = (
				6E4375202BE77EF4008ED19B /* Base */,
			);
			name = LaunchScreen.storyboard;
			sourceTree = "<group>";
		};
/* End PBXVariantGroup section */

/* Begin XCBuildConfiguration section */
		6E4375232BE77EF4008ED19B /* Debug */ = {
			isa = XCBuildConfiguration;
			buildSettings = {
				ALWAYS_SEARCH_USER_PATHS = NO;
				CLANG_ANALYZER_NONNULL = YES;
				CLANG_ANALYZER_NUMBER_OBJECT_CONVERSION = YES_AGGRESSIVE;
				CLANG_CXX_LANGUAGE_STANDARD = "gnu++20";
				CLANG_ENABLE_MODULES = YES;
				CLANG_ENABLE_OBJC_ARC = YES;
				CLANG_ENABLE_OBJC_WEAK = YES;
				CLANG_WARN_BLOCK_CAPTURE_AUTORELEASING = YES;
				CLANG_WARN_BOOL_CONVERSION = YES;
				CLANG_WARN_COMMA = YES;
				CLANG_WARN_CONSTANT_CONVERSION = YES;
				CLANG_WARN_DEPRECATED_OBJC_IMPLEMENTATIONS = YES;
				CLANG_WARN_DIRECT_OBJC_ISA_USAGE = YES_ERROR;
				CLANG_WARN_DOCUMENTATION_COMMENTS = YES;
				CLANG_WARN_EMPTY_BODY = YES;
				CLANG_WARN_ENUM_CONVERSION = YES;
				CLANG_WARN_INFINITE_RECURSION = YES;
				CLANG_WARN_INT_CONVERSION = YES;
				CLANG_WARN_NON_LITERAL_NULL_CONVERSION = YES;
				CLANG_WARN_OBJC_IMPLICIT_RETAIN_SELF = YES;
				CLANG_WARN_OBJC_LITERAL_CONVERSION = YES;
				CLANG_WARN_OBJC_ROOT_CLASS = YES_ERROR;
				CLANG_WARN_QUOTED_INCLUDE_IN_FRAMEWORK_HEADER = YES;
				CLANG_WARN_RANGE_LOOP_ANALYSIS = YES;
				CLANG_WARN_STRICT_PROTOTYPES = YES;
				CLANG_WARN_SUSPICIOUS_MOVE = YES;
				CLANG_WARN_UNGUARDED_AVAILABILITY = YES_AGGRESSIVE;
				CLANG_WARN_UNREACHABLE_CODE = YES;
				CLANG_WARN__DUPLICATE_METHOD_MATCH = YES;
				COPY_PHASE_STRIP = NO;
				DEBUG_INFORMATION_FORMAT = dwarf;
				ENABLE_STRICT_OBJC_MSGSEND = YES;
				ENABLE_TESTABILITY = YES;
				GCC_C_LANGUAGE_STANDARD = gnu11;
				GCC_DYNAMIC_NO_PIC = NO;
				GCC_NO_COMMON_BLOCKS = YES;
				GCC_OPTIMIZATION_LEVEL = 0;
				GCC_PREPROCESSOR_DEFINITIONS = (
					"DEBUG=1",
					"$(inherited)",
				);
				GCC_WARN_64_TO_32_BIT_CONVERSION = YES;
				GCC_WARN_ABOUT_RETURN_TYPE = YES_ERROR;
				GCC_WARN_UNDECLARED_SELECTOR = YES;
				GCC_WARN_UNINITIALIZED_AUTOS = YES_AGGRESSIVE;
				GCC_WARN_UNUSED_FUNCTION = YES;
				GCC_WARN_UNUSED_VARIABLE = YES;
				IPHONEOS_DEPLOYMENT_TARGET = 13.0;
				MTL_ENABLE_DEBUG_INFO = INCLUDE_SOURCE;
				MTL_FAST_MATH = YES;
				ONLY_ACTIVE_ARCH = YES;
				SDKROOT = iphoneos;
				SWIFT_ACTIVE_COMPILATION_CONDITIONS = DEBUG;
				SWIFT_OPTIMIZATION_LEVEL = "-Onone";
			};
			name = Debug;
		};
		6E4375242BE77EF4008ED19B /* Release */ = {
			isa = XCBuildConfiguration;
			buildSettings = {
				ALWAYS_SEARCH_USER_PATHS = NO;
				CLANG_ANALYZER_NONNULL = YES;
				CLANG_ANALYZER_NUMBER_OBJECT_CONVERSION = YES_AGGRESSIVE;
				CLANG_CXX_LANGUAGE_STANDARD = "gnu++20";
				CLANG_ENABLE_MODULES = YES;
				CLANG_ENABLE_OBJC_ARC = YES;
				CLANG_ENABLE_OBJC_WEAK = YES;
				CLANG_WARN_BLOCK_CAPTURE_AUTORELEASING = YES;
				CLANG_WARN_BOOL_CONVERSION = YES;
				CLANG_WARN_COMMA = YES;
				CLANG_WARN_CONSTANT_CONVERSION = YES;
				CLANG_WARN_DEPRECATED_OBJC_IMPLEMENTATIONS = YES;
				CLANG_WARN_DIRECT_OBJC_ISA_USAGE = YES_ERROR;
				CLANG_WARN_DOCUMENTATION_COMMENTS = YES;
				CLANG_WARN_EMPTY_BODY = YES;
				CLANG_WARN_ENUM_CONVERSION = YES;
				CLANG_WARN_INFINITE_RECURSION = YES;
				CLANG_WARN_INT_CONVERSION = YES;
				CLANG_WARN_NON_LITERAL_NULL_CONVERSION = YES;
				CLANG_WARN_OBJC_IMPLICIT_RETAIN_SELF = YES;
				CLANG_WARN_OBJC_LITERAL_CONVERSION = YES;
				CLANG_WARN_OBJC_ROOT_CLASS = YES_ERROR;
				CLANG_WARN_QUOTED_INCLUDE_IN_FRAMEWORK_HEADER = YES;
				CLANG_WARN_RANGE_LOOP_ANALYSIS = YES;
				CLANG_WARN_STRICT_PROTOTYPES = YES;
				CLANG_WARN_SUSPICIOUS_MOVE = YES;
				CLANG_WARN_UNGUARDED_AVAILABILITY = YES_AGGRESSIVE;
				CLANG_WARN_UNREACHABLE_CODE = YES;
				CLANG_WARN__DUPLICATE_METHOD_MATCH = YES;
				COPY_PHASE_STRIP = NO;
				DEBUG_INFORMATION_FORMAT = "dwarf-with-dsym";
				ENABLE_NS_ASSERTIONS = NO;
				ENABLE_STRICT_OBJC_MSGSEND = YES;
				GCC_C_LANGUAGE_STANDARD = gnu11;
				GCC_NO_COMMON_BLOCKS = YES;
				GCC_WARN_64_TO_32_BIT_CONVERSION = YES;
				GCC_WARN_ABOUT_RETURN_TYPE = YES_ERROR;
				GCC_WARN_UNDECLARED_SELECTOR = YES;
				GCC_WARN_UNINITIALIZED_AUTOS = YES_AGGRESSIVE;
				GCC_WARN_UNUSED_FUNCTION = YES;
				GCC_WARN_UNUSED_VARIABLE = YES;
				IPHONEOS_DEPLOYMENT_TARGET = 13.0;
				MTL_ENABLE_DEBUG_INFO = NO;
				MTL_FAST_MATH = YES;
				SDKROOT = iphoneos;
				SWIFT_COMPILATION_MODE = wholemodule;
				SWIFT_OPTIMIZATION_LEVEL = "-O";
				VALIDATE_PRODUCT = YES;
			};
			name = Release;
		};
		6E4375262BE77EF4008ED19B /* Debug */ = {
			isa = XCBuildConfiguration;
			buildSettings = {
				ASSETCATALOG_COMPILER_APPICON_NAME = AppIcon;
				ASSETCATALOG_COMPILER_GLOBAL_ACCENT_COLOR_NAME = AccentColor;
				CODE_SIGN_STYLE = Automatic;
				CURRENT_PROJECT_VERSION = 1;
				DEVELOPMENT_TEAM = 5G7NC8X3YU;
				GENERATE_INFOPLIST_FILE = YES;
				INFOPLIST_FILE = iOSAssignmentDisplayImagesArpit/Info.plist;
				INFOPLIST_KEY_UIApplicationSupportsIndirectInputEvents = YES;
				INFOPLIST_KEY_UILaunchStoryboardName = LaunchScreen;
				INFOPLIST_KEY_UIMainStoryboardFile = Main;
				INFOPLIST_KEY_UISupportedInterfaceOrientations_iPad = "UIInterfaceOrientationPortrait UIInterfaceOrientationPortraitUpsideDown UIInterfaceOrientationLandscapeLeft UIInterfaceOrientationLandscapeRight";
				INFOPLIST_KEY_UISupportedInterfaceOrientations_iPhone = "UIInterfaceOrientationPortrait UIInterfaceOrientationLandscapeLeft UIInterfaceOrientationLandscapeRight";
				LD_RUNPATH_SEARCH_PATHS = (
					"$(inherited)",
					"@executable_path/Frameworks",
				);
				MARKETING_VERSION = 1.0;
				PRODUCT_BUNDLE_IDENTIFIER = com.baba.test.iOSAssignmentDisplayImagesArpit;
				PRODUCT_NAME = "$(TARGET_NAME)";
				SWIFT_EMIT_LOC_STRINGS = YES;
				SWIFT_VERSION = 5.0;
				TARGETED_DEVICE_FAMILY = "1,2";
			};
			name = Debug;
		};
		6E4375272BE77EF4008ED19B /* Release */ = {
			isa = XCBuildConfiguration;
			buildSettings = {
				ASSETCATALOG_COMPILER_APPICON_NAME = AppIcon;
				ASSETCATALOG_COMPILER_GLOBAL_ACCENT_COLOR_NAME = AccentColor;
				CODE_SIGN_STYLE = Automatic;
				CURRENT_PROJECT_VERSION = 1;
				DEVELOPMENT_TEAM = 5G7NC8X3YU;
				GENERATE_INFOPLIST_FILE = YES;
				INFOPLIST_FILE = iOSAssignmentDisplayImagesArpit/Info.plist;
				INFOPLIST_KEY_UIApplicationSupportsIndirectInputEvents = YES;
				INFOPLIST_KEY_UILaunchStoryboardName = LaunchScreen;
				INFOPLIST_KEY_UIMainStoryboardFile = Main;
				INFOPLIST_KEY_UISupportedInterfaceOrientations_iPad = "UIInterfaceOrientationPortrait UIInterfaceOrientationPortraitUpsideDown UIInterfaceOrientationLandscapeLeft UIInterfaceOrientationLandscapeRight";
				INFOPLIST_KEY_UISupportedInterfaceOrientations_iPhone = "UIInterfaceOrientationPortrait UIInterfaceOrientationLandscapeLeft UIInterfaceOrientationLandscapeRight";
				LD_RUNPATH_SEARCH_PATHS = (
					"$(inherited)",
					"@executable_path/Frameworks",
				);
				MARKETING_VERSION = 1.0;
				PRODUCT_BUNDLE_IDENTIFIER = com.baba.test.iOSAssignmentDisplayImagesArpit;
				PRODUCT_NAME = "$(TARGET_NAME)";
				SWIFT_EMIT_LOC_STRINGS = YES;
				SWIFT_VERSION = 5.0;
				TARGETED_DEVICE_FAMILY = "1,2";
			};
			name = Release;
		};
/* End XCBuildConfiguration section */

/* Begin XCConfigurationList section */
		6E43750C2BE77EF2008ED19B /* Build configuration list for PBXProject "iOSAssignmentDisplayImagesArpit" */ = {
			isa = XCConfigurationList;
			buildConfigurations = (
				6E4375232BE77EF4008ED19B /* Debug */,
				6E4375242BE77EF4008ED19B /* Release */,
			);
			defaultConfigurationIsVisible = 0;
			defaultConfigurationName = Release;
		};
		6E4375252BE77EF4008ED19B /* Build configuration list for PBXNativeTarget "iOSAssignmentDisplayImagesArpit" */ = {
			isa = XCConfigurationList;
			buildConfigurations = (
				6E4375262BE77EF4008ED19B /* Debug */,
				6E4375272BE77EF4008ED19B /* Release */,
			);
			defaultConfigurationIsVisible = 0;
			defaultConfigurationName = Release;
		};
/* End XCConfigurationList section */
	};
	rootObject = 6E4375092BE77EF2008ED19B /* Project object */;
}
